# This file is auto-generated by scripts/lock-deps.py. Do not edit.
# Regenerate with: python scripts/lock-deps.py <plugin_dir_name>
typing-extensions==4.15.0 ; sys_platform == 'win32' \
    --hash=sha256:0cea48d173cc12fa28ecabc3b837ea3cf6f38c6d1136f85cbaaf598984861466 \
    --hash=sha256:f0fa19c6845758ab08074a0cfa8b7aecb71c999ca73d62883bc25cc018c4e548
    # via winrt-runtime
winrt-runtime==3.2.1 ; sys_platform == 'win32' \
    --hash=sha256:06510db215d4f0dc45c00fbb1251c6544e91742a0ad928011db33b30677e1576 \
    --hash=sha256:07c0cb4a53a4448c2cb7597b62ae8c94343c289eeebd8f83f946eb2c817bde01 \
    --hash=sha256:14562c29a087ccad38e379e585fef333e5c94166c807bdde67b508a6261aa195 \
    --hash=sha256:1856325ca3354b45e0789cf279be9a882134085d34214946db76110d98391efa \
    --hash=sha256:25a2d1e2b45423742319f7e10fa8ca2e7063f01284b6e85e99d805c4b50bbfb3 \
    --hash=sha256:28f3dab083412625ff4d2b46e81246932e6bebddf67bea7f05e01712f54e6159 \
    --hash=sha256:35d6241a2ebd5598e4788e69768b8890ee1eee401a819865767a1fbdd3e9a650 \
    --hash=sha256:363f584b1e9fcb601e3e178636d8877e6f0537ac3c96ce4a96f06066f8ff0eae \
    --hash=sha256:3c1fdcaeedeb2920dc3b9039db64089a6093cad2be56a3e64acc938849245a6d \
    --hash=sha256:44e2733bc709b76c554aee6c7fe079443b8306b2e661e82eecfebe8b9d71e4d1 \
    --hash=sha256:762b3d972a2f7037f7db3acbaf379dd6d8f6cda505f71f66c6b425d1a1eae2f1 \
    --hash=sha256:9b6298375468ac2f6815d0c008a059fc16508c8f587e824c7936ed9216480dad \
    --hash=sha256:9e9b64f1ba631cc4b9fe60b8ff16fef3f32c7ce2fcc84735a63129ff8b15c022 \
    --hash=sha256:c0a9046ae416808420a358c51705af8ae100acd40bc578be57ddfdd51cbb0f9c \
    --hash=sha256:c8dca19e12b234ae6c3dadf1a4d0761b51e708457492c13beb666556958801ea \
    --hash=sha256:cf237858de1d62e4c9b132c66b52028a7a3e8534e8ab90b0e29a68f24f7be39d \
    --hash=sha256:dc81d5fb736bf1ddecf743928622253dce4d0aac9a57faad776d7a3834e13257 \
    --hash=sha256:e36e587ab5fd681ee472cd9a5995743f75107a1a84d749c64f7e490bc86bc814 \
    --hash=sha256:e94f3cb40ea2d723c44c82c16d715c03c6b3bd977d135b49535fdd5415fd9130
    # via winrt-windows-media-control
winrt-windows-media-control==3.2.1 ; sys_platform == 'win32' \
    --hash=sha256:057b13e3394b0676ddc3678ae322975ca2ef6b94bc459f82669fa627a7d2fbae \
    --hash=sha256:1c948aeda885f33bad409083e8e7f95fb35e6e28206943a9d780af58b820bc4b \
    --hash=sha256:1d07a3a83f57ff1c8ef38881b10cb8ab6ab0d4e12ee5b9bfba68e7207268b99e \
    --hash=sha256:285ec765a0efec5ca4832c006618ab406dbbdeb5eb59d0aaba637cc615e70e67 \
    --hash=sha256:30a39010291134d83883dbdd3c4d4261c0525d62e95598214ea583944b71a52d \
    --hash=sha256:4a79ba3c135f12121f845c013d13ccce732732ebe40d2313f7914450216f033a \
    --hash=sha256:5759e7047fc6c0365a9226cb8af62e2133dcae0306cc59c5d125861dc237a735 \
    --hash=sha256:587722a1723b2285ea37db8e27acbbb42343c46a1cac4e4420b7dfc7e8953903 \
    --hash=sha256:5be9874ccf4c98d82b11211239312014f67633546cd8f7f215015ff3596127c6 \
    --hash=sha256:5d2954003e822388b038583858210e97253d0d639bafa7636c860df3d0e99c3d \
    --hash=sha256:6fef19bed06255fefcfefbbcd1d09d029dca1a57dc8148615ab7f0df1d921931 \
    --hash=sha256:76c233511f926c8243b0ee84b76ffb651112b4d794a32bd273687c5e3cf397d7 \
    --hash=sha256:876b2f2aedda8fd3de4ef3235eb9431338530f66d42c457b42ab9fdcdaa11c66 \
    --hash=sha256:95db34dfbd90c75a437a4a7aa5ab0a9deb3d9c64221cb920be9641b64b3c95a3 \
    --hash=sha256:a45117c1a923a45066aecb17a848ce2affe290670a3fa647ea0a192367f1decb \
    --hash=sha256:a586af02d1684fda70cdc3fef8fd74c6db50522454077bad7317295d1a87b82d \
    --hash=sha256:e4cb9bdccb26aa2cc361a9eef6c40c1e933fda626883f7060680493ce0698eeb \
    --hash=sha256:ea183fe5fc1de937a4c76d7f9893197a079af56b416d40fb5bcbbf5e0c6f9874 \
    --hash=sha256:f2c8590f775679b068ef8d0df8f462387addf4cbf2ea0c406176046ee891e02a
